// !$*UTF8*$!
{
	archiveVersion = 1;
	classes = {
	};
	objectVersion = 77;
	objects = {

/* Begin PBXBuildFile section */
		31F73AA626170275236AE7CD /* TodoStore.swift in Sources */ = {isa = PBXBuildFile; fileRef = 4293E8E860212AF73BD37A21 /* TodoStore.swift */; };
		4628F40445203F631836AB70 /* Todo.swift in Sources */ = {isa = PBXBuildFile; fileRef = 06E2A2BE740C6347D896905E /* Todo.swift */; };
		4DBC3DC1B9D527FD94BD1962 /* UpdateChecker.swift in Sources */ = {isa = PBXBuildFile; fileRef = 8C74213E9D7407E32B5890E5 /* UpdateChecker.swift */; };
		882C2DDB64D33FC8AF4F1CBC /* TodoListView.swift in Sources */ = {isa = PBXBuildFile; fileRef = BDA4A04F5E6770D734FCE0CF /* TodoListView.swift */; };
		A4BA3D722B88719BAA58E97D /* SettingsView.swift in Sources */ = {isa = PBXBuildFile; fileRef = 0B54215F61DFEF919C3EF248 /* SettingsView.swift */; };
		B7468230AB1091C62DF5B091 /* MenuTodoApp.swift in Sources */ = {isa = PBXBuildFile; fileRef = 184477786CD4E8E20E161F02 /* MenuTodoApp.swift */; };
		EFDCF170517B38642F031A3B /* Assets.xcassets in Resources */ = {isa = PBXBuildFile; fileRef = 454A23FCE69C09C7932D91CE /* Assets.xcassets */; };
/* End PBXBuildFile section */

/* Begin PBXFileReference section */
		06E2A2BE740C6347D896905E /* Todo.swift */ = {isa = PBXFileReference; lastKnownFileType = sourcecode.swift; path = Todo.swift; sourceTree = "<group>"; };
		0B54215F61DFEF919C3EF248 /* SettingsView.swift */ = {isa = PBXFileReference; lastKnownFileType = sourcecode.swift; path = SettingsView.swift; sourceTree = "<group>"; };
		184477786CD4E8E20E161F02 /* MenuTodoApp.swift */ = {isa = PBXFileReference; lastKnownFileType = sourcecode.swift; path = MenuTodoApp.swift; sourceTree = "<group>"; };
		4293E8E860212AF73BD37A21 /* TodoStore.swift */ = {isa = PBXFileReference; lastKnownFileType = sourcecode.swift; path = TodoStore.swift; sourceTree = "<group>"; };
		454A23FCE69C09C7932D91CE /* Assets.xcassets */ = {isa = PBXFileReference; lastKnownFileType = folder.assetcatalog; path = Assets.xcassets; sourceTree = "<group>"; };
		8C74213E9D7407E32B5890E5 /* UpdateChecker.swift */ = {isa = PBXFileReference; lastKnownFileType = sourcecode.swift; path = UpdateChecker.swift; sourceTree = "<group>"; };
		BDA4A04F5E6770D734FCE0CF /* TodoListView.swift */ = {isa = PBXFileReference; lastKnownFileType = sourcecode.swift; path = TodoListView.swift; sourceTree = "<group>"; };
		E60913F0BA955B8313D44F9D /* MenuTodo.app */ = {isa = PBXFileReference; explicitFileType = wrapper.application; includeInIndex = 0; path = MenuTodo.app; sourceTree = BUILT_PRODUCTS_DIR; };
		E860A93C07D6AB0F4703DAF6 /* Info.plist */ = {isa = PBXFileReference; lastKnownFileType = text.plist; path = Info.plist; sourceTree = "<group>"; };
/* End PBXFileReference section */

/* Begin PBXGroup section */
		3D653133D5FE51A4DE2F8C31 /* MenuTodo */ = {
			isa = PBXGroup;
			children = (
				454A23FCE69C09C7932D91CE /* Assets.xcassets */,
				E860A93C07D6AB0F4703DAF6 /* Info.plist */,
				184477786CD4E8E20E161F02 /* MenuTodoApp.swift */,
				0B54215F61DFEF919C3EF248 /* SettingsView.swift */,
				06E2A2BE740C6347D896905E /* Todo.swift */,
				BDA4A04F5E6770D734FCE0CF /* TodoListView.swift */,
				4293E8E860212AF73BD37A21 /* TodoStore.swift */,
				8C74213E9D7407E32B5890E5 /* UpdateChecker.swift */,
			);
			path = MenuTodo;
			sourceTree = "<group>";
		};
		5821B59D45023ED5E938B6DA /* Products */ = {
			isa = PBXGroup;
			children = (
				E60913F0BA955B8313D44F9D /* MenuTodo.app */,
			);
			name = Products;
			sourceTree = "<group>";
		};
		FA36AABF316795991BE722BB = {
			isa = PBXGroup;
			children = (
				3D653133D5FE51A4DE2F8C31 /* MenuTodo */,
				5821B59D45023ED5E938B6DA /* Products */,
			);
			sourceTree = "<group>";
		};
/* End PBXGroup section */

/* Begin PBXNativeTarget section */
		9D33DA0F65A2BB55F62B8C86 /* MenuTodo */ = {
			isa = PBXNativeTarget;
			buildConfigurationList = 040D2936BB9E41856FB14FC6 /* Build configuration list for PBXNativeTarget "MenuTodo" */;
			buildPhases = (
				A6EA45D5AD01808D09273FD9 /* Sources */,
				14F57445044941E469F3C0D2 /* Resources */,
			);
			buildRules = (
			);
			dependencies = (
			);
			name = MenuTodo;
			packageProductDependencies = (
			);
			productName = MenuTodo;
			productReference = E60913F0BA955B8313D44F9D /* MenuTodo.app */;
			productType = "com.apple.product-type.application";
		};
/* End PBXNativeTarget section */

/* Begin PBXProject section */
		127109DB9EFCCF8E326171F3 /* Project object */ = {
			isa = PBXProject;
			attributes = {
				BuildIndependentTargetsInParallel = YES;
				LastUpgradeCheck = 1430;
				TargetAttributes = {
					9D33DA0F65A2BB55F62B8C86 = {
						DevelopmentTeam = 7VT5H6VPXH;
						ProvisioningStyle = Automatic;
					};
				};
			};
			buildConfigurationList = A89051EA27DB1610AECF167D /* Build configuration list for PBXProject "MenuTodo" */;
			developmentRegion = en;
			hasScannedForEncodings = 0;
			knownRegions = (
				Base,
				en,
			);
			mainGroup = FA36AABF316795991BE722BB;
			minimizedProjectReferenceProxies = 1;
			preferredProjectObjectVersion = 77;
			productRefGroup = 5821B59D45023ED5E938B6DA /* Products */;
			projectDirPath = "";
			projectRoot = "";
			targets = (
				9D33DA0F65A2BB55F62B8C86 /* MenuTodo */,
			);
		};
/* End PBXProject section */

/* Begin PBXResourcesBuildPhase section */
		14F57445044941E469F3C0D2 /* Resources */ = {
			isa = PBXResourcesBuildPhase;
			buildActionMask = 2147483647;
			files = (
				EFDCF170517B38642F031A3B /* Assets.xcassets in Resources */,
			);
			runOnlyForDeploymentPostprocessing = 0;
		};
/* End PBXResourcesBuildPhase section */

/* Begin PBXSourcesBuildPhase section */
		A6EA45D5AD01808D09273FD9 /* Sources */ = {
			isa = PBXSourcesBuildPhase;
			buildActionMask = 2147483647;
			files = (
				B7468230AB1091C62DF5B091 /* MenuTodoApp.swift in Sources */,
				A4BA3D722B88719BAA58E97D /* SettingsView.swift in Sources */,
				4628F40445203F631836AB70 /* Todo.swift in Sources */,
				882C2DDB64D33FC8AF4F1CBC /* TodoListView.swift in Sources */,
				31F73AA626170275236AE7CD /* TodoStore.swift in Sources */,
				4DBC3DC1B9D527FD94BD1962 /* UpdateChecker.swift in Sources */,
			);
			runOnlyForDeploymentPostprocessing = 0;
		};
/* End PBXSourcesBuildPhase section */

/* Begin XCBuildConfiguration section */
		0C0C1197A6F0621F93512B2E /* Release */ = {
			isa = XCBuildConfiguration;
			buildSettings = {
				ALWAYS_SEARCH_USER_PATHS = NO;
				CLANG_ANALYZER_NONNULL = YES;
				CLANG_ANALYZER_NUMBER_OBJECT_CONVERSION = YES_AGGRESSIVE;
				CLANG_CXX_LANGUAGE_STANDARD = "gnu++14";
				CLANG_CXX_LIBRARY = "libc++";
				CLANG_ENABLE_MODULES = YES;
				CLANG_ENABLE_OBJC_ARC = YES;
				CLANG_ENABLE_OBJC_WEAK = YES;
				CLANG_WARN_BLOCK_CAPTURE_AUTORELEASING = YES;
				CLANG_WARN_BOOL_CONVERSION = YES;
				CLANG_WARN_COMMA = YES;
				CLANG_WARN_CONSTANT_CONVERSION = YES;
				CLANG_WARN_DEPRECATED_OBJC_IMPLEMENTATIONS = YES;
				CLANG_WARN_DIRECT_OBJC_ISA_USAGE = YES_ERROR;
				CLANG_WARN_DOCUMENTATION_COMMENTS = YES;
				CLANG_WARN_EMPTY_BODY = YES;
				CLANG_WARN_ENUM_CONVERSION = YES;
				CLANG_WARN_INFINITE_RECURSION = YES;
				CLANG_WARN_INT_CONVERSION = YES;
				CLANG_WARN_NON_LITERAL_NULL_CONVERSION = YES;
				CLANG_WARN_OBJC_IMPLICIT_RETAIN_SELF = YES;
				CLANG_WARN_OBJC_LITERAL_CONVERSION = YES;
				CLANG_WARN_OBJC_ROOT_CLASS = YES_ERROR;
				CLANG_WARN_QUOTED_INCLUDE_IN_FRAMEWORK_HEADER = YES;
				CLANG_WARN_RANGE_LOOP_ANALYSIS = YES;
				CLANG_WARN_STRICT_PROTOTYPES = YES;
				CLANG_WARN_SUSPICIOUS_MOVE = YES;
				CLANG_WARN_UNGUARDED_AVAILABILITY = YES_AGGRESSIVE;
				CLANG_WARN_UNREACHABLE_CODE = YES;
				CLANG_WARN__DUPLICATE_METHOD_MATCH = YES;
				CODE_SIGN_STYLE = Automatic;
				COPY_PHASE_STRIP = NO;
				CURRENT_PROJECT_VERSION = 1;
				DEBUG_INFORMATION_FORMAT = "dwarf-with-dsym";
				DEVELOPMENT_TEAM = 7VT5H6VPXH;
				ENABLE_HARDENED_RUNTIME = YES;
				ENABLE_NS_ASSERTIONS = NO;
				ENABLE_STRICT_OBJC_MSGSEND = YES;
				GCC_C_LANGUAGE_STANDARD = gnu11;
				GCC_NO_COMMON_BLOCKS = YES;
				GCC_WARN_64_TO_32_BIT_CONVERSION = YES;
				GCC_WARN_ABOUT_RETURN_TYPE = YES_ERROR;
				GCC_WARN_UNDECLARED_SELECTOR = YES;
				GCC_WARN_UNINITIALIZED_AUTOS = YES_AGGRESSIVE;
				GCC_WARN_UNUSED_FUNCTION = YES;
				GCC_WARN_UNUSED_VARIABLE = YES;
				MACOSX_DEPLOYMENT_TARGET = 14.0;
				MARKETING_VERSION = 1.0.0;
				MTL_ENABLE_DEBUG_INFO = NO;
				MTL_FAST_MATH = YES;
				PRODUCT_NAME = "$(TARGET_NAME)";
				SDKROOT = macosx;
				SWIFT_COMPILATION_MODE = wholemodule;
				SWIFT_OPTIMIZATION_LEVEL = "-O";
				SWIFT_STRICT_CONCURRENCY = complete;
				SWIFT_VERSION = 6.0;
			};
			name = Release;
		};
		15CFC0B697C58D4C38A4CA1E /* Release */ = {
			isa = XCBuildConfiguration;
			buildSettings = {
				ASSETCATALOG_COMPILER_APPICON_NAME = AppIcon;
				COMBINE_HIDPI_IMAGES = YES;
				ENABLE_APP_SANDBOX = NO;
				INFOPLIST_FILE = MenuTodo/Info.plist;
				LD_RUNPATH_SEARCH_PATHS = (
					"$(inherited)",
					"@executable_path/../Frameworks",
				);
				MACOSX_DEPLOYMENT_TARGET = 14.0;
				PRODUCT_BUNDLE_IDENTIFIER = com.hugoprinsloo.MenuTodo;
				PRODUCT_NAME = MenuTodo;
				SDKROOT = macosx;
			};
			name = Release;
		};
		804A0DF2D47CA55350678423 /* Debug */ = {
			isa = XCBuildConfiguration;
			buildSettings = {
				ASSETCATALOG_COMPILER_APPICON_NAME = AppIcon;
				COMBINE_HIDPI_IMAGES = YES;
				ENABLE_APP_SANDBOX = NO;
				INFOPLIST_FILE = MenuTodo/Info.plist;
				LD_RUNPATH_SEARCH_PATHS = (
					"$(inherited)",
					"@executable_path/../Frameworks",
				);
				MACOSX_DEPLOYMENT_TARGET = 14.0;
				PRODUCT_BUNDLE_IDENTIFIER = com.hugoprinsloo.MenuTodo;
				PRODUCT_NAME = MenuTodo;
				SDKROOT = macosx;
			};
			name = Debug;
		};
		8F9ED40A34612B88D5938DAA /* Debug */ = {
			isa = XCBuildConfiguration;
			buildSettings = {
				ALWAYS_SEARCH_USER_PATHS = NO;
				CLANG_ANALYZER_NONNULL = YES;
				CLANG_ANALYZER_NUMBER_OBJECT_CONVERSION = YES_AGGRESSIVE;
				CLANG_CXX_LANGUAGE_STANDARD = "gnu++14";
				CLANG_CXX_LIBRARY = "libc++";
				CLANG_ENABLE_MODULES = YES;
				CLANG_ENABLE_OBJC_ARC = YES;
				CLANG_ENABLE_OBJC_WEAK = YES;
				CLANG_WARN_BLOCK_CAPTURE_AUTORELEASING = YES;
				CLANG_WARN_BOOL_CONVERSION = YES;
				CLANG_WARN_COMMA = YES;
				CLANG_WARN_CONSTANT_CONVERSION = YES;
				CLANG_WARN_DEPRECATED_OBJC_IMPLEMENTATIONS = YES;
				CLANG_WARN_DIRECT_OBJC_ISA_USAGE = YES_ERROR;
				CLANG_WARN_DOCUMENTATION_COMMENTS = YES;
				CLANG_WARN_EMPTY_BODY = YES;
				CLANG_WARN_ENUM_CONVERSION = YES;
				CLANG_WARN_INFINITE_RECURSION = YES;
				CLANG_WARN_INT_CONVERSION = YES;
				CLANG_WARN_NON_LITERAL_NULL_CONVERSION = YES;
				CLANG_WARN_OBJC_IMPLICIT_RETAIN_SELF = YES;
				CLANG_WARN_OBJC_LITERAL_CONVERSION = YES;
				CLANG_WARN_OBJC_ROOT_CLASS = YES_ERROR;
				CLANG_WARN_QUOTED_INCLUDE_IN_FRAMEWORK_HEADER = YES;
				CLANG_WARN_RANGE_LOOP_ANALYSIS = YES;
				CLANG_WARN_STRICT_PROTOTYPES = YES;
				CLANG_WARN_SUSPICIOUS_MOVE = YES;
				CLANG_WARN_UNGUARDED_AVAILABILITY = YES_AGGRESSIVE;
				CLANG_WARN_UNREACHABLE_CODE = YES;
				CLANG_WARN__DUPLICATE_METHOD_MATCH = YES;
				CODE_SIGN_STYLE = Automatic;
				COPY_PHASE_STRIP = NO;
				CURRENT_PROJECT_VERSION = 1;
				DEBUG_INFORMATION_FORMAT = dwarf;
				DEVELOPMENT_TEAM = 7VT5H6VPXH;
				ENABLE_HARDENED_RUNTIME = YES;
				ENABLE_STRICT_OBJC_MSGSEND = YES;
				ENABLE_TESTABILITY = YES;
				GCC_C_LANGUAGE_STANDARD = gnu11;
				GCC_DYNAMIC_NO_PIC = NO;
				GCC_NO_COMMON_BLOCKS = YES;
				GCC_OPTIMIZATION_LEVEL = 0;
				GCC_PREPROCESSOR_DEFINITIONS = (
					"$(inherited)",
					"DEBUG=1",
				);
				GCC_WARN_64_TO_32_BIT_CONVERSION = YES;
				GCC_WARN_ABOUT_RETURN_TYPE = YES_ERROR;
				GCC_WARN_UNDECLARED_SELECTOR = YES;
				GCC_WARN_UNINITIALIZED_AUTOS = YES_AGGRESSIVE;
				GCC_WARN_UNUSED_FUNCTION = YES;
				GCC_WARN_UNUSED_VARIABLE = YES;
				MACOSX_DEPLOYMENT_TARGET = 14.0;
				MARKETING_VERSION = 1.0.0;
				MTL_ENABLE_DEBUG_INFO = INCLUDE_SOURCE;
				MTL_FAST_MATH = YES;
				ONLY_ACTIVE_ARCH = YES;
				PRODUCT_NAME = "$(TARGET_NAME)";
				SDKROOT = macosx;
				SWIFT_ACTIVE_COMPILATION_CONDITIONS = DEBUG;
				SWIFT_OPTIMIZATION_LEVEL = "-Onone";
				SWIFT_STRICT_CONCURRENCY = complete;
				SWIFT_VERSION = 6.0;
			};
			name = Debug;
		};
/* End XCBuildConfiguration section */

/* Begin XCConfigurationList section */
		040D2936BB9E41856FB14FC6 /* Build configuration list for PBXNativeTarget "MenuTodo" */ = {
			isa = XCConfigurationList;
			buildConfigurations = (
				804A0DF2D47CA55350678423 /* Debug */,
				15CFC0B697C58D4C38A4CA1E /* Release */,
			);
			defaultConfigurationIsVisible = 0;
			defaultConfigurationName = Debug;
		};
		A89051EA27DB1610AECF167D /* Build configuration list for PBXProject "MenuTodo" */ = {
			isa = XCConfigurationList;
			buildConfigurations = (
				8F9ED40A34612B88D5938DAA /* Debug */,
				0C0C1197A6F0621F93512B2E /* Release */,
			);
			defaultConfigurationIsVisible = 0;
			defaultConfigurationName = Debug;
		};
/* End XCConfigurationList section */
	};
	rootObject = 127109DB9EFCCF8E326171F3 /* Project object */;
}
